
Microsoft Visual Studio Solution File, Format Version 12.00
# Visual Studio 15
VisualStudioVersion = 15.0.28010.2046
MinimumVisualStudioVersion = 10.0.40219.1
Project("{FAE04EC0-301F-11D3-BF4B-00C04F79EFBC}") = "6. Построение кучи", "6. Построение кучи\6. Построение кучи.csproj", "{C8AA2A28-8E2C-4FB6-AAB8-024B2C492720}"
EndProject
Global
	GlobalSection(SolutionConfigurationPlatforms) = preSolution
		Debug|Any CPU = Debug|Any CPU
		Release|Any CPU = Release|Any CPU
	EndGlobalSection
	GlobalSection(ProjectConfigurationPlatforms) = postSolution
		{C8AA2A28-8E2C-4FB6-AAB8-024B2C492720}.Debug|Any CPU.ActiveCfg = Debug|Any CPU
		{C8AA2A28-8E2C-4FB6-AAB8-024B2C492720}.Debug|Any CPU.Build.0 = Debug|Any CPU
		{C8AA2A28-8E2C-4FB6-AAB8-024B2C492720}.Release|Any CPU.ActiveCfg = Release|Any CPU
		{C8AA2A28-8E2C-4FB6-AAB8-024B2C492720}.Release|Any CPU.Build.0 = Release|Any CPU
	EndGlobalSection
	GlobalSection(SolutionProperties) = preSolution
		HideSolutionNode = FALSE
	EndGlobalSection
	GlobalSection(ExtensibilityGlobals) = postSolution
		SolutionGuid = {A8A6B6E9-6545-4325-A379-1478F4E7EB38}
	EndGlobalSection
EndGlobal
